PODS:
  - Capacitor (7.6.9):
    - CapacitorCordova
  - CapacitorCordova (7.6.9)
  - CapacitorStatusBar (7.0.6):
    - Capacitor

DEPENDENCIES:
  - "Capacitor (from `../../node_modules/@capacitor/ios`)"
  - "CapacitorCordova (from `../../node_modules/@capacitor/ios`)"
  - "CapacitorStatusBar (from `../../node_modules/@capacitor/status-bar`)"

EXTERNAL SOURCES:
  Capacitor:
    :path: "../../node_modules/@capacitor/ios"
  CapacitorCordova:
    :path: "../../node_modules/@capacitor/ios"
  CapacitorStatusBar:
    :path: "../../node_modules/@capacitor/status-bar"

SPEC CHECKSUMS:
  Capacitor: 46067d1c8df89760dbed78780d436327d588c726
  CapacitorCordova: 2080fc0d6bfbc9dcc0e6d88e77fa624190d343ca
  CapacitorStatusBar: 416e9e53fd6397e668d4a181cd2131617d949bd6

PODFILE CHECKSUM: 75cff8608f8fe6a6ffccf4ac217576b77c53c4a4

COCOAPODS: 1.17.0
